// !$*UTF8*$!
{
	archiveVersion = 1;
	classes = {
	};
	objectVersion = 50;
	objects = {

/* Begin PBXBuildFile section */
		31025783215D913D00AD82BC /* USStates.swift in Sources */ = {isa = PBXBuildFile; fileRef = 31025782215D913D00AD82BC /* USStates.swift */; };
		310882482162F7D100226940 /* ClientMerger.swift in Sources */ = {isa = PBXBuildFile; fileRef = 310882472162F7D100226940 /* ClientMerger.swift */; };
		3108824A2162F7E800226940 /* ClientCSVManager.swift in Sources */ = {isa = PBXBuildFile; fileRef = 310882492162F7E800226940 /* ClientCSVManager.swift */; };
		3108824E2163DEC900226940 /* ClientDifference.swift in Sources */ = {isa = PBXBuildFile; fileRef = 3108824D2163DEC900226940 /* ClientDifference.swift */; };
		310882502163DED400226940 /* ClientContext.swift in Sources */ = {isa = PBXBuildFile; fileRef = 3108824F2163DED400226940 /* ClientContext.swift */; };
		310882522163DEEB00226940 /* FullName.swift in Sources */ = {isa = PBXBuildFile; fileRef = 310882512163DEEB00226940 /* FullName.swift */; };
		3129B8E52164157000CCB39A /* MergedPair.swift in Sources */ = {isa = PBXBuildFile; fileRef = 3129B8E42164157000CCB39A /* MergedPair.swift */; };
		3132293B215EBF6400088331 /* DetailedSessionCell.swift in Sources */ = {isa = PBXBuildFile; fileRef = 31322939215EBF6400088331 /* DetailedSessionCell.swift */; };
		3132293C215EBF6400088331 /* DetailedSessionCell.xib in Resources */ = {isa = PBXBuildFile; fileRef = 3132293A215EBF6400088331 /* DetailedSessionCell.xib */; };
		31501B0D215AB892003D29B7 /* ProductLabelCell.swift in Sources */ = {isa = PBXBuildFile; fileRef = 31501B0B215AB892003D29B7 /* ProductLabelCell.swift */; };
		31501B0E215AB892003D29B7 /* ProductLabelCell.xib in Resources */ = {isa = PBXBuildFile; fileRef = 31501B0C215AB892003D29B7 /* ProductLabelCell.xib */; };
		31501B11215ACA5F003D29B7 /* ProductLabel+CoreDataClass.swift in Sources */ = {isa = PBXBuildFile; fileRef = 31501B0F215ACA5F003D29B7 /* ProductLabel+CoreDataClass.swift */; };
		31501B12215ACA5F003D29B7 /* ProductLabel+CoreDataProperties.swift in Sources */ = {isa = PBXBuildFile; fileRef = 31501B10215ACA5F003D29B7 /* ProductLabel+CoreDataProperties.swift */; };
		31501B1F215B0E2A003D29B7 /* Application+Settings.swift in Sources */ = {isa = PBXBuildFile; fileRef = 31501B1E215B0E2A003D29B7 /* Application+Settings.swift */; };
		31501B26215B12D0003D29B7 /* SettingsViewController.swift in Sources */ = {isa = PBXBuildFile; fileRef = 31501B24215B12D0003D29B7 /* SettingsViewController.swift */; };
		31501B27215B12D0003D29B7 /* SettingsViewController.xib in Resources */ = {isa = PBXBuildFile; fileRef = 31501B25215B12D0003D29B7 /* SettingsViewController.xib */; };
		3151361B215EDDED003E93DE /* ProductLabelCollectionViewController.swift in Sources */ = {isa = PBXBuildFile; fileRef = 3151361A215EDDED003E93DE /* ProductLabelCollectionViewController.swift */; };
		3151361E215F0997003E93DE /* SessionCell.swift in Sources */ = {isa = PBXBuildFile; fileRef = 3151361C215F0997003E93DE /* SessionCell.swift */; };
		3151361F215F0997003E93DE /* SessionCell.xib in Resources */ = {isa = PBXBuildFile; fileRef = 3151361D215F0997003E93DE /* SessionCell.xib */; };
		315D7F2E214C25DD009149B9 /* InjectionSite+CoreDataProperties.swift in Sources */ = {isa = PBXBuildFile; fileRef = 315D7F2C214C25DD009149B9 /* InjectionSite+CoreDataProperties.swift */; };
		315D7F31214C4096009149B9 /* ClientViewController.swift in Sources */ = {isa = PBXBuildFile; fileRef = 315D7F2F214C4096009149B9 /* ClientViewController.swift */; };
		315D7F34214C5510009149B9 /* ClientViewController.xib in Resources */ = {isa = PBXBuildFile; fileRef = 315D7F33214C5510009149B9 /* ClientViewController.xib */; };
		315D7F38214D9242009149B9 /* Client+CoreDataProperties.swift in Sources */ = {isa = PBXBuildFile; fileRef = 315D7F36214D9242009149B9 /* Client+CoreDataProperties.swift */; };
		315D7F3B214DBA01009149B9 /* ClientConsentController.swift in Sources */ = {isa = PBXBuildFile; fileRef = 315D7F39214DBA01009149B9 /* ClientConsentController.swift */; };
		315D7F3C214DBA01009149B9 /* ClientConsentController.xib in Resources */ = {isa = PBXBuildFile; fileRef = 315D7F3A214DBA01009149B9 /* ClientConsentController.xib */; };
		315D7F3E214DEA15009149B9 /* UIImage+PixelColor.swift in Sources */ = {isa = PBXBuildFile; fileRef = 315D7F3D214DEA15009149B9 /* UIImage+PixelColor.swift */; };
		31602FBB2140087C0023F8A2 /* AppDelegate.swift in Sources */ = {isa = PBXBuildFile; fileRef = 31602FBA2140087C0023F8A2 /* AppDelegate.swift */; };
		31602FBD2140087C0023F8A2 /* ClientController.swift in Sources */ = {isa = PBXBuildFile; fileRef = 31602FBC2140087C0023F8A2 /* ClientController.swift */; };
		31602FC02140087C0023F8A2 /* Main.storyboard in Resources */ = {isa = PBXBuildFile; fileRef = 31602FBE2140087C0023F8A2 /* Main.storyboard */; };
		31602FC32140087C0023F8A2 /* FacePicker.xcdatamodeld in Sources */ = {isa = PBXBuildFile; fileRef = 31602FC12140087C0023F8A2 /* FacePicker.xcdatamodeld */; };
		31602FC52140087E0023F8A2 /* Assets.xcassets in Resources */ = {isa = PBXBuildFile; fileRef = 31602FC42140087E0023F8A2 /* Assets.xcassets */; };
		31602FC82140087E0023F8A2 /* LaunchScreen.storyboard in Resources */ = {isa = PBXBuildFile; fileRef = 31602FC62140087E0023F8A2 /* LaunchScreen.storyboard */; };
		31602FD32140087E0023F8A2 /* FacePickerTests.swift in Sources */ = {isa = PBXBuildFile; fileRef = 31602FD22140087E0023F8A2 /* FacePickerTests.swift */; };
		31602FDE2140087E0023F8A2 /* FacePickerUITests.swift in Sources */ = {isa = PBXBuildFile; fileRef = 31602FDD2140087E0023F8A2 /* FacePickerUITests.swift */; };
		31613DC52155366300146DF4 /* ViewControllerWrapperCell.swift in Sources */ = {isa = PBXBuildFile; fileRef = 31613DC42155366300146DF4 /* ViewControllerWrapperCell.swift */; };
		31613DCA2155375B00146DF4 /* LeftColumnController.swift in Sources */ = {isa = PBXBuildFile; fileRef = 31613DC92155375B00146DF4 /* LeftColumnController.swift */; };
		31613DCD21553AD000146DF4 /* SessionDetailController.swift in Sources */ = {isa = PBXBuildFile; fileRef = 31613DCB21553AD000146DF4 /* SessionDetailController.swift */; };
		316B74012162B817005077C0 /* String+Extensions.swift in Sources */ = {isa = PBXBuildFile; fileRef = 316B74002162B817005077C0 /* String+Extensions.swift */; };
		316B74042162B909005077C0 /* MergeClientController.swift in Sources */ = {isa = PBXBuildFile; fileRef = 316B74022162B909005077C0 /* MergeClientController.swift */; };
		316B74052162B909005077C0 /* MergeClientController.xib in Resources */ = {isa = PBXBuildFile; fileRef = 316B74032162B909005077C0 /* MergeClientController.xib */; };
		3175A110214012F500E89C29 /* SessionController.swift in Sources */ = {isa = PBXBuildFile; fileRef = 3175A10F214012F500E89C29 /* SessionController.swift */; };
		31A0FA112149C55600F96845 /* UIViewController+Extensions.swift in Sources */ = {isa = PBXBuildFile; fileRef = 31A0FA102149C55600F96845 /* UIViewController+Extensions.swift */; };
		31A0FA1A2149EDFC00F96845 /* Session+CoreDataClass.swift in Sources */ = {isa = PBXBuildFile; fileRef = 31A0FA162149EDFC00F96845 /* Session+CoreDataClass.swift */; };
		31A0FA1B2149EDFC00F96845 /* Session+CoreDataProperties.swift in Sources */ = {isa = PBXBuildFile; fileRef = 31A0FA172149EDFC00F96845 /* Session+CoreDataProperties.swift */; };
		31A0FA1C2149EDFC00F96845 /* Client+CoreDataClass.swift in Sources */ = {isa = PBXBuildFile; fileRef = 31A0FA182149EDFC00F96845 /* Client+CoreDataClass.swift */; };
		31A0FA1F2149F85A00F96845 /* ClientListController.swift in Sources */ = {isa = PBXBuildFile; fileRef = 31A0FA1E2149F85A00F96845 /* ClientListController.swift */; };
		31A0FA212149FBC700F96845 /* ClientTableViewCell.swift in Sources */ = {isa = PBXBuildFile; fileRef = 31A0FA202149FBC700F96845 /* ClientTableViewCell.swift */; };
		31A0FA23214A033300F96845 /* SignatureViewController.swift in Sources */ = {isa = PBXBuildFile; fileRef = 31A0FA22214A033300F96845 /* SignatureViewController.swift */; };
		31A0FA25214A09EB00F96845 /* ClientDetailController.swift in Sources */ = {isa = PBXBuildFile; fileRef = 31A0FA24214A09EB00F96845 /* ClientDetailController.swift */; };
		31A0FA27214A179D00F96845 /* SimpleSessionCell.swift in Sources */ = {isa = PBXBuildFile; fileRef = 31A0FA26214A179D00F96845 /* SimpleSessionCell.swift */; };
		31AC2461214ACE4B003B6C5C /* ClientController.xib in Resources */ = {isa = PBXBuildFile; fileRef = 31AC2460214ACE4B003B6C5C /* ClientController.xib */; };
		31AC2463214ADB39003B6C5C /* SessionListController.swift in Sources */ = {isa = PBXBuildFile; fileRef = 31AC2462214ADB39003B6C5C /* SessionListController.swift */; };
		31AC2467214B3A55003B6C5C /* SessionHelper.swift in Sources */ = {isa = PBXBuildFile; fileRef = 31AC2466214B3A55003B6C5C /* SessionHelper.swift */; };
		31AC2469214B62AE003B6C5C /* ViewHelper.swift in Sources */ = {isa = PBXBuildFile; fileRef = 31AC2468214B62AE003B6C5C /* ViewHelper.swift */; };
		31D7E562215C56200064CE80 /* Application.swift in Sources */ = {isa = PBXBuildFile; fileRef = 31D7E561215C56200064CE80 /* Application.swift */; };
		31D8952A215978F4003C4DB1 /* SessionTotalsRow.xib in Resources */ = {isa = PBXBuildFile; fileRef = 31D89529215978F4003C4DB1 /* SessionTotalsRow.xib */; };
		31D8952D2159985A003C4DB1 /* SessionTotalsRow.swift in Sources */ = {isa = PBXBuildFile; fileRef = 31D8952C2159985A003C4DB1 /* SessionTotalsRow.swift */; };
		31D8952F215999E1003C4DB1 /* SessionDetailController.xib in Resources */ = {isa = PBXBuildFile; fileRef = 31D8952E215999E1003C4DB1 /* SessionDetailController.xib */; };
		31D8953121599A3D003C4DB1 /* UnderlinedLabel.swift in Sources */ = {isa = PBXBuildFile; fileRef = 31D8953021599A3D003C4DB1 /* UnderlinedLabel.swift */; };
		31F78E25214698FB00418B6D /* SiteMenuController.swift in Sources */ = {isa = PBXBuildFile; fileRef = 31F78E23214698FB00418B6D /* SiteMenuController.swift */; };
		31F78E452147402E00418B6D /* InjectionSite+CoreDataClass.swift in Sources */ = {isa = PBXBuildFile; fileRef = 31F78E432147402E00418B6D /* InjectionSite+CoreDataClass.swift */; };
		31FF70A12151543000D3BBC2 /* SimpleSessionCell.xib in Resources */ = {isa = PBXBuildFile; fileRef = 31FF70A02151543000D3BBC2 /* SimpleSessionCell.xib */; };
		31FF70B321518D1900D3BBC2 /* Notification+Names.swift in Sources */ = {isa = PBXBuildFile; fileRef = 31FF70B221518D1900D3BBC2 /* Notification+Names.swift */; };
		8974B9F35E4F3F5B0E926AEB /* Pods_FacePickerTests.framework in Frameworks */ = {isa = PBXBuildFile; fileRef = F1C70EB218CF4A0A3B91321C /* Pods_FacePickerTests.framework */; };
		BF8D2434E1A4A300002B99DD /* Pods_FacePicker.framework in Frameworks */ = {isa = PBXBuildFile; fileRef = 75670A59ABB6A93CB61D9810 /* Pods_FacePicker.framework */; };
		EE6BE31D112AD4565E73E1C9 /* Pods_FacePickerUITests.framework in Frameworks */ = {isa = PBXBuildFile; fileRef = C7B865E86360A60798F568E8 /* Pods_FacePickerUITests.framework */; };
/* End PBXBuildFile section */

/* Begin PBXContainerItemProxy section */
		31602FCF2140087E0023F8A2 /* PBXContainerItemProxy */ = {
			isa = PBXContainerItemProxy;
			containerPortal = 31602FAF2140087C0023F8A2 /* Project object */;
			proxyType = 1;
			remoteGlobalIDString = 31602FB62140087C0023F8A2;
			remoteInfo = FacePicker;
		};
		31602FDA2140087E0023F8A2 /* PBXContainerItemProxy */ = {
			isa = PBXContainerItemProxy;
			containerPortal = 31602FAF2140087C0023F8A2 /* Project object */;
			proxyType = 1;
			remoteGlobalIDString = 31602FB62140087C0023F8A2;
			remoteInfo = FacePicker;
		};
/* End PBXContainerItemProxy section */

/* Begin PBXFileReference section */
		31025782215D913D00AD82BC /* USStates.swift */ = {isa = PBXFileReference; lastKnownFileType = sourcecode.swift; path = USStates.swift; sourceTree = "<group>"; };
		310882472162F7D100226940 /* ClientMerger.swift */ = {isa = PBXFileReference; lastKnownFileType = sourcecode.swift; path = ClientMerger.swift; sourceTree = "<group>"; };
		310882492162F7E800226940 /* ClientCSVManager.swift */ = {isa = PBXFileReference; lastKnownFileType = sourcecode.swift; path = ClientCSVManager.swift; sourceTree = "<group>"; };
		3108824D2163DEC900226940 /* ClientDifference.swift */ = {isa = PBXFileReference; lastKnownFileType = sourcecode.swift; path = ClientDifference.swift; sourceTree = "<group>"; };
		3108824F2163DED400226940 /* ClientContext.swift */ = {isa = PBXFileReference; lastKnownFileType = sourcecode.swift; path = ClientContext.swift; sourceTree = "<group>"; };
		310882512163DEEB00226940 /* FullName.swift */ = {isa = PBXFileReference; lastKnownFileType = sourcecode.swift; path = FullName.swift; sourceTree = "<group>"; };
		3129B8E42164157000CCB39A /* MergedPair.swift */ = {isa = PBXFileReference; lastKnownFileType = sourcecode.swift; path = MergedPair.swift; sourceTree = "<group>"; };
		31322939215EBF6400088331 /* DetailedSessionCell.swift */ = {isa = PBXFileReference; lastKnownFileType = sourcecode.swift; path = DetailedSessionCell.swift; sourceTree = "<group>"; };
		3132293A215EBF6400088331 /* DetailedSessionCell.xib */ = {isa = PBXFileReference; lastKnownFileType = file.xib; path = DetailedSessionCell.xib; sourceTree = "<group>"; };
		31501B0B215AB892003D29B7 /* ProductLabelCell.swift */ = {isa = PBXFileReference; lastKnownFileType = sourcecode.swift; path = ProductLabelCell.swift; sourceTree = "<group>"; };
		31501B0C215AB892003D29B7 /* ProductLabelCell.xib */ = {isa = PBXFileReference; lastKnownFileType = file.xib; path = ProductLabelCell.xib; sourceTree = "<group>"; };
		31501B0F215ACA5F003D29B7 /* ProductLabel+CoreDataClass.swift */ = {isa = PBXFileReference; lastKnownFileType = sourcecode.swift; path = "ProductLabel+CoreDataClass.swift"; sourceTree = "<group>"; };
		31501B10215ACA5F003D29B7 /* ProductLabel+CoreDataProperties.swift */ = {isa = PBXFileReference; lastKnownFileType = sourcecode.swift; path = "ProductLabel+CoreDataProperties.swift"; sourceTree = "<group>"; };
		31501B1E215B0E2A003D29B7 /* Application+Settings.swift */ = {isa = PBXFileReference; lastKnownFileType = sourcecode.swift; path = "Application+Settings.swift"; sourceTree = "<group>"; };
		31501B24215B12D0003D29B7 /* SettingsViewController.swift */ = {isa = PBXFileReference; lastKnownFileType = sourcecode.swift; path = SettingsViewController.swift; sourceTree = "<group>"; };
		31501B25215B12D0003D29B7 /* SettingsViewController.xib */ = {isa = PBXFileReference; lastKnownFileType = file.xib; path = SettingsViewController.xib; sourceTree = "<group>"; };
		3151361A215EDDED003E93DE /* ProductLabelCollectionViewController.swift */ = {isa = PBXFileReference; lastKnownFileType = sourcecode.swift; path = ProductLabelCollectionViewController.swift; sourceTree = "<group>"; };
		3151361C215F0997003E93DE /* SessionCell.swift */ = {isa = PBXFileReference; lastKnownFileType = sourcecode.swift; path = SessionCell.swift; sourceTree = "<group>"; };
		3151361D215F0997003E93DE /* SessionCell.xib */ = {isa = PBXFileReference; lastKnownFileType = file.xib; path = SessionCell.xib; sourceTree = "<group>"; };
		315D7F2C214C25DD009149B9 /* InjectionSite+CoreDataProperties.swift */ = {isa = PBXFileReference; lastKnownFileType = sourcecode.swift; path = "InjectionSite+CoreDataProperties.swift"; sourceTree = "<group>"; };
		315D7F2F214C4096009149B9 /* ClientViewController.swift */ = {isa = PBXFileReference; lastKnownFileType = sourcecode.swift; path = ClientViewController.swift; sourceTree = "<group>"; };
		315D7F33214C5510009149B9 /* ClientViewController.xib */ = {isa = PBXFileReference; lastKnownFileType = file.xib; path = ClientViewController.xib; sourceTree = "<group>"; };
		315D7F36214D9242009149B9 /* Client+CoreDataProperties.swift */ = {isa = PBXFileReference; lastKnownFileType = sourcecode.swift; path = "Client+CoreDataProperties.swift"; sourceTree = "<group>"; };
		315D7F39214DBA01009149B9 /* ClientConsentController.swift */ = {isa = PBXFileReference; lastKnownFileType = sourcecode.swift; path = ClientConsentController.swift; sourceTree = "<group>"; };
		315D7F3A214DBA01009149B9 /* ClientConsentController.xib */ = {isa = PBXFileReference; lastKnownFileType = file.xib; path = ClientConsentController.xib; sourceTree = "<group>"; };
		315D7F3D214DEA15009149B9 /* UIImage+PixelColor.swift */ = {isa = PBXFileReference; lastKnownFileType = sourcecode.swift; path = "UIImage+PixelColor.swift"; sourceTree = "<group>"; };
		31602FB72140087C0023F8A2 /* Ostapowicz, MD.app */ = {isa = PBXFileReference; explicitFileType = wrapper.application; includeInIndex = 0; path = "Ostapowicz, MD.app"; sourceTree = BUILT_PRODUCTS_DIR; };
		31602FBA2140087C0023F8A2 /* AppDelegate.swift */ = {isa = PBXFileReference; lastKnownFileType = sourcecode.swift; path = AppDelegate.swift; sourceTree = "<group>"; };
		31602FBC2140087C0023F8A2 /* ClientController.swift */ = {isa = PBXFileReference; lastKnownFileType = sourcecode.swift; path = ClientController.swift; sourceTree = "<group>"; };
		31602FBF2140087C0023F8A2 /* Base */ = {isa = PBXFileReference; lastKnownFileType = file.storyboard; name = Base; path = Base.lproj/Main.storyboard; sourceTree = "<group>"; };
		31602FC22140087C0023F8A2 /* FacePicker.xcdatamodel */ = {isa = PBXFileReference; lastKnownFileType = wrapper.xcdatamodel; path = FacePicker.xcdatamodel; sourceTree = "<group>"; };
		31602FC42140087E0023F8A2 /* Assets.xcassets */ = {isa = PBXFileReference; lastKnownFileType = folder.assetcatalog; path = Assets.xcassets; sourceTree = "<group>"; };
		31602FC72140087E0023F8A2 /* Base */ = {isa = PBXFileReference; lastKnownFileType = file.storyboard; name = Base; path = Base.lproj/LaunchScreen.storyboard; sourceTree = "<group>"; };
		31602FC92140087E0023F8A2 /* Info.plist */ = {isa = PBXFileReference; lastKnownFileType = text.plist.xml; path = Info.plist; sourceTree = "<group>"; };
		31602FCE2140087E0023F8A2 /* FacePickerTests.xctest */ = {isa = PBXFileReference; explicitFileType = wrapper.cfbundle; includeInIndex = 0; path = FacePickerTests.xctest; sourceTree = BUILT_PRODUCTS_DIR; };
		31602FD22140087E0023F8A2 /* FacePickerTests.swift */ = {isa = PBXFileReference; lastKnownFileType = sourcecode.swift; path = FacePickerTests.swift; sourceTree = "<group>"; };
		31602FD42140087E0023F8A2 /* Info.plist */ = {isa = PBXFileReference; lastKnownFileType = text.plist.xml; path = Info.plist; sourceTree = "<group>"; };
		31602FD92140087E0023F8A2 /* FacePickerUITests.xctest */ = {isa = PBXFileReference; explicitFileType = wrapper.cfbundle; includeInIndex = 0; path = FacePickerUITests.xctest; sourceTree = BUILT_PRODUCTS_DIR; };
		31602FDD2140087E0023F8A2 /* FacePickerUITests.swift */ = {isa = PBXFileReference; lastKnownFileType = sourcecode.swift; path = FacePickerUITests.swift; sourceTree = "<group>"; };
		31602FDF2140087E0023F8A2 /* Info.plist */ = {isa = PBXFileReference; lastKnownFileType = text.plist.xml; path = Info.plist; sourceTree = "<group>"; };
		31613DC42155366300146DF4 /* ViewControllerWrapperCell.swift */ = {isa = PBXFileReference; lastKnownFileType = sourcecode.swift; path = ViewControllerWrapperCell.swift; sourceTree = "<group>"; };
		31613DC92155375B00146DF4 /* LeftColumnController.swift */ = {isa = PBXFileReference; lastKnownFileType = sourcecode.swift; path = LeftColumnController.swift; sourceTree = "<group>"; };
		31613DCB21553AD000146DF4 /* SessionDetailController.swift */ = {isa = PBXFileReference; lastKnownFileType = sourcecode.swift; path = SessionDetailController.swift; sourceTree = "<group>"; };
		316B74002162B817005077C0 /* String+Extensions.swift */ = {isa = PBXFileReference; lastKnownFileType = sourcecode.swift; path = "String+Extensions.swift"; sourceTree = "<group>"; };
		316B74022162B909005077C0 /* MergeClientController.swift */ = {isa = PBXFileReference; lastKnownFileType = sourcecode.swift; path = MergeClientController.swift; sourceTree = "<group>"; };
		316B74032162B909005077C0 /* MergeClientController.xib */ = {isa = PBXFileReference; lastKnownFileType = file.xib; path = MergeClientController.xib; sourceTree = "<group>"; };
		3175A10F214012F500E89C29 /* SessionController.swift */ = {isa = PBXFileReference; lastKnownFileType = sourcecode.swift; path = SessionController.swift; sourceTree = "<group>"; };
		31A0FA102149C55600F96845 /* UIViewController+Extensions.swift */ = {isa = PBXFileReference; lastKnownFileType = sourcecode.swift; path = "UIViewController+Extensions.swift"; sourceTree = "<group>"; };
		31A0FA162149EDFC00F96845 /* Session+CoreDataClass.swift */ = {isa = PBXFileReference; lastKnownFileType = sourcecode.swift; path = "Session+CoreDataClass.swift"; sourceTree = "<group>"; };
		31A0FA172149EDFC00F96845 /* Session+CoreDataProperties.swift */ = {isa = PBXFileReference; lastKnownFileType = sourcecode.swift; path = "Session+CoreDataProperties.swift"; sourceTree = "<group>"; };
		31A0FA182149EDFC00F96845 /* Client+CoreDataClass.swift */ = {isa = PBXFileReference; lastKnownFileType = sourcecode.swift; path = "Client+CoreDataClass.swift"; sourceTree = "<group>"; };
		31A0FA1E2149F85A00F96845 /* ClientListController.swift */ = {isa = PBXFileReference; lastKnownFileType = sourcecode.swift; path = ClientListController.swift; sourceTree = "<group>"; };
		31A0FA202149FBC700F96845 /* ClientTableViewCell.swift */ = {isa = PBXFileReference; lastKnownFileType = sourcecode.swift; path = ClientTableViewCell.swift; sourceTree = "<group>"; };
		31A0FA22214A033300F96845 /* SignatureViewController.swift */ = {isa = PBXFileReference; lastKnownFileType = sourcecode.swift; path = SignatureViewController.swift; sourceTree = "<group>"; };
		31A0FA24214A09EB00F96845 /* ClientDetailController.swift */ = {isa = PBXFileReference; lastKnownFileType = sourcecode.swift; path = ClientDetailController.swift; sourceTree = "<group>"; };
		31A0FA26214A179D00F96845 /* SimpleSessionCell.swift */ = {isa = PBXFileReference; lastKnownFileType = sourcecode.swift; path = SimpleSessionCell.swift; sourceTree = "<group>"; };
		31AC2460214ACE4B003B6C5C /* ClientController.xib */ = {isa = PBXFileReference; lastKnownFileType = file.xib; path = ClientController.xib; sourceTree = "<group>"; };
		31AC2462214ADB39003B6C5C /* SessionListController.swift */ = {isa = PBXFileReference; lastKnownFileType = sourcecode.swift; path = SessionListController.swift; sourceTree = "<group>"; };
		31AC2466214B3A55003B6C5C /* SessionHelper.swift */ = {isa = PBXFileReference; lastKnownFileType = sourcecode.swift; path = SessionHelper.swift; sourceTree = "<group>"; };
		31AC2468214B62AE003B6C5C /* ViewHelper.swift */ = {isa = PBXFileReference; lastKnownFileType = sourcecode.swift; path = ViewHelper.swift; sourceTree = "<group>"; };
		31D7E561215C56200064CE80 /* Application.swift */ = {isa = PBXFileReference; lastKnownFileType = sourcecode.swift; path = Application.swift; sourceTree = "<group>"; };
		31D89529215978F4003C4DB1 /* SessionTotalsRow.xib */ = {isa = PBXFileReference; lastKnownFileType = file.xib; path = SessionTotalsRow.xib; sourceTree = "<group>"; };
		31D8952C2159985A003C4DB1 /* SessionTotalsRow.swift */ = {isa = PBXFileReference; lastKnownFileType = sourcecode.swift; path = SessionTotalsRow.swift; sourceTree = "<group>"; };
		31D8952E215999E1003C4DB1 /* SessionDetailController.xib */ = {isa = PBXFileReference; lastKnownFileType = file.xib; path = SessionDetailController.xib; sourceTree = "<group>"; };
		31D8953021599A3D003C4DB1 /* UnderlinedLabel.swift */ = {isa = PBXFileReference; lastKnownFileType = sourcecode.swift; path = UnderlinedLabel.swift; sourceTree = "<group>"; };
		31F78E23214698FB00418B6D /* SiteMenuController.swift */ = {isa = PBXFileReference; lastKnownFileType = sourcecode.swift; path = SiteMenuController.swift; sourceTree = "<group>"; };
		31F78E432147402E00418B6D /* InjectionSite+CoreDataClass.swift */ = {isa = PBXFileReference; lastKnownFileType = sourcecode.swift; path = "InjectionSite+CoreDataClass.swift"; sourceTree = "<group>"; };
		31FF70A02151543000D3BBC2 /* SimpleSessionCell.xib */ = {isa = PBXFileReference; lastKnownFileType = file.xib; path = SimpleSessionCell.xib; sourceTree = "<group>"; };
		31FF70B221518D1900D3BBC2 /* Notification+Names.swift */ = {isa = PBXFileReference; lastKnownFileType = sourcecode.swift; path = "Notification+Names.swift"; sourceTree = "<group>"; };
		412060C673C53F5C40AC5D17 /* Pods-FacePickerUITests.debug.xcconfig */ = {isa = PBXFileReference; includeInIndex = 1; lastKnownFileType = text.xcconfig; name = "Pods-FacePickerUITests.debug.xcconfig"; path = "Pods/Target Support Files/Pods-FacePickerUITests/Pods-FacePickerUITests.debug.xcconfig"; sourceTree = "<group>"; };
		46F7710CCB5A809D43694713 /* Pods-FacePickerTests.debug.xcconfig */ = {isa = PBXFileReference; includeInIndex = 1; lastKnownFileType = text.xcconfig; name = "Pods-FacePickerTests.debug.xcconfig"; path = "Pods/Target Support Files/Pods-FacePickerTests/Pods-FacePickerTests.debug.xcconfig"; sourceTree = "<group>"; };
		56F67C2EC20778903D336F55 /* Pods-FacePicker.debug.xcconfig */ = {isa = PBXFileReference; includeInIndex = 1; lastKnownFileType = text.xcconfig; name = "Pods-FacePicker.debug.xcconfig"; path = "Pods/Target Support Files/Pods-FacePicker/Pods-FacePicker.debug.xcconfig"; sourceTree = "<group>"; };
		64D44CA48AA854AD2676A5D4 /* Pods-FacePickerTests.release.xcconfig */ = {isa = PBXFileReference; includeInIndex = 1; lastKnownFileType = text.xcconfig; name = "Pods-FacePickerTests.release.xcconfig"; path = "Pods/Target Support Files/Pods-FacePickerTests/Pods-FacePickerTests.release.xcconfig"; sourceTree = "<group>"; };
		75670A59ABB6A93CB61D9810 /* Pods_FacePicker.framework */ = {isa = PBXFileReference; explicitFileType = wrapper.framework; includeInIndex = 0; path = Pods_FacePicker.framework; sourceTree = BUILT_PRODUCTS_DIR; };
		ABFBB605E0E86D9BEB0BA46D /* Pods-FacePicker.release.xcconfig */ = {isa = PBXFileReference; includeInIndex = 1; lastKnownFileType = text.xcconfig; name = "Pods-FacePicker.release.xcconfig"; path = "Pods/Target Support Files/Pods-FacePicker/Pods-FacePicker.release.xcconfig"; sourceTree = "<group>"; };
		C796EE6929727717E8260554 /* Pods-FacePickerUITests.release.xcconfig */ = {isa = PBXFileReference; includeInIndex = 1; lastKnownFileType = text.xcconfig; name = "Pods-FacePickerUITests.release.xcconfig"; path = "Pods/Target Support Files/Pods-FacePickerUITests/Pods-FacePickerUITests.release.xcconfig"; sourceTree = "<group>"; };
		C7B865E86360A60798F568E8 /* Pods_FacePickerUITests.framework */ = {isa = PBXFileReference; explicitFileType = wrapper.framework; includeInIndex = 0; path = Pods_FacePickerUITests.framework; sourceTree = BUILT_PRODUCTS_DIR; };
		F1C70EB218CF4A0A3B91321C /* Pods_FacePickerTests.framework */ = {isa = PBXFileReference; explicitFileType = wrapper.framework; includeInIndex = 0; path = Pods_FacePickerTests.framework; sourceTree = BUILT_PRODUCTS_DIR; };
/* End PBXFileReference section */

/* Begin PBXFrameworksBuildPhase section */
		31602FB42140087C0023F8A2 /* Frameworks */ = {
			isa = PBXFrameworksBuildPhase;
			buildActionMask = 2147483647;
			files = (
				BF8D2434E1A4A300002B99DD /* Pods_FacePicker.framework in Frameworks */,
			);
			runOnlyForDeploymentPostprocessing = 0;
		};
		31602FCB2140087E0023F8A2 /* Frameworks */ = {
			isa = PBXFrameworksBuildPhase;
			buildActionMask = 2147483647;
			files = (
				8974B9F35E4F3F5B0E926AEB /* Pods_FacePickerTests.framework in Frameworks */,
			);
			runOnlyForDeploymentPostprocessing = 0;
		};
		31602FD62140087E0023F8A2 /* Frameworks */ = {
			isa = PBXFrameworksBuildPhase;
			buildActionMask = 2147483647;
			files = (
				EE6BE31D112AD4565E73E1C9 /* Pods_FacePickerUITests.framework in Frameworks */,
			);
			runOnlyForDeploymentPostprocessing = 0;
		};
/* End PBXFrameworksBuildPhase section */

/* Begin PBXGroup section */
		17A4CF802CE99DB052F9D469 /* Frameworks */ = {
			isa = PBXGroup;
			children = (
				75670A59ABB6A93CB61D9810 /* Pods_FacePicker.framework */,
				F1C70EB218CF4A0A3B91321C /* Pods_FacePickerTests.framework */,
				C7B865E86360A60798F568E8 /* Pods_FacePickerUITests.framework */,
			);
			name = Frameworks;
			sourceTree = "<group>";
		};
		310882462162F7B500226940 /* Utilities */ = {
			isa = PBXGroup;
			children = (
				3108824C2163DEB600226940 /* Helper Classes */,
				3108824B2163DE7600226940 /* Merge */,
				310882492162F7E800226940 /* ClientCSVManager.swift */,
			);
			path = Utilities;
			sourceTree = "<group>";
		};
		3108824B2163DE7600226940 /* Merge */ = {
			isa = PBXGroup;
			children = (
				316B74022162B909005077C0 /* MergeClientController.swift */,
				316B74032162B909005077C0 /* MergeClientController.xib */,
				310882472162F7D100226940 /* ClientMerger.swift */,
			);
			path = Merge;
			sourceTree = "<group>";
		};
		3108824C2163DEB600226940 /* Helper Classes */ = {
			isa = PBXGroup;
			children = (
				3108824D2163DEC900226940 /* ClientDifference.swift */,
				3108824F2163DED400226940 /* ClientContext.swift */,
				310882512163DEEB00226940 /* FullName.swift */,
				3129B8E42164157000CCB39A /* MergedPair.swift */,
			);
			path = "Helper Classes";
			sourceTree = "<group>";
		};
		31501B1B215B0D98003D29B7 /* Views */ = {
			isa = PBXGroup;
			children = (
				31A0FA202149FBC700F96845 /* ClientTableViewCell.swift */,
			);
			path = Views;
			sourceTree = "<group>";
		};
		31501B1C215B0DAD003D29B7 /* Interfaces */ = {
			isa = PBXGroup;
			children = (
				31AC2460214ACE4B003B6C5C /* ClientController.xib */,
				315D7F3A214DBA01009149B9 /* ClientConsentController.xib */,
				315D7F33214C5510009149B9 /* ClientViewController.xib */,
			);
			path = Interfaces;
			sourceTree = "<group>";
		};
		31501B1D215B0DBA003D29B7 /* ViewControllers */ = {
			isa = PBXGroup;
			children = (
				31602FBC2140087C0023F8A2 /* ClientController.swift */,
				31A0FA1E2149F85A00F96845 /* ClientListController.swift */,
				315D7F2F214C4096009149B9 /* ClientViewController.swift */,
				315D7F39214DBA01009149B9 /* ClientConsentController.swift */,
				31A0FA24214A09EB00F96845 /* ClientDetailController.swift */,
				31A0FA22214A033300F96845 /* SignatureViewController.swift */,
			);
			path = ViewControllers;
			sourceTree = "<group>";
		};
		31501B20215B1189003D29B7 /* Application */ = {
			isa = PBXGroup;
			children = (
				31602FBA2140087C0023F8A2 /* AppDelegate.swift */,
				31FF70B221518D1900D3BBC2 /* Notification+Names.swift */,
				31D7E561215C56200064CE80 /* Application.swift */,
				31501B1E215B0E2A003D29B7 /* Application+Settings.swift */,
				31025782215D913D00AD82BC /* USStates.swift */,
				31AC2468214B62AE003B6C5C /* ViewHelper.swift */,
			);
			path = Application;
			sourceTree = "<group>";
		};
		31501B21215B11B3003D29B7 /* Storyboards */ = {
			isa = PBXGroup;
			children = (
				31602FBE2140087C0023F8A2 /* Main.storyboard */,
				31602FC62140087E0023F8A2 /* LaunchScreen.storyboard */,
			);
			path = Storyboards;
			sourceTree = "<group>";
		};
		31501B22215B121B003D29B7 /* Resources */ = {
			isa = PBXGroup;
			children = (
				31602FC92140087E0023F8A2 /* Info.plist */,
			);
			path = Resources;
			sourceTree = "<group>";
		};
		31501B23215B127D003D29B7 /* Settings */ = {
			isa = PBXGroup;
			children = (
				31501B24215B12D0003D29B7 /* SettingsViewController.swift */,
				31501B25215B12D0003D29B7 /* SettingsViewController.xib */,
			);
			path = Settings;
			sourceTree = "<group>";
		};
		31602FAE2140087C0023F8A2 = {
			isa = PBXGroup;
			children = (
				31602FB92140087C0023F8A2 /* FacePicker */,
				31602FD12140087E0023F8A2 /* FacePickerTests */,
				31602FDC2140087E0023F8A2 /* FacePickerUITests */,
				31602FB82140087C0023F8A2 /* Products */,
				51A64F4CC9C07E8232D26A2B /* Pods */,
				17A4CF802CE99DB052F9D469 /* Frameworks */,
			);
			sourceTree = "<group>";
		};
		31602FB82140087C0023F8A2 /* Products */ = {
			isa = PBXGroup;
			children = (
				31602FB72140087C0023F8A2 /* Ostapowicz, MD.app */,
				31602FCE2140087E0023F8A2 /* FacePickerTests.xctest */,
				31602FD92140087E0023F8A2 /* FacePickerUITests.xctest */,
			);
			name = Products;
			sourceTree = "<group>";
		};
		31602FB92140087C0023F8A2 /* FacePicker */ = {
			isa = PBXGroup;
			children = (
				31501B20215B1189003D29B7 /* Application */,
				31F78E51214807CE00418B6D /* Model */,
				31FF70B02151817F00D3BBC2 /* Client */,
				31FF70B1215181A700D3BBC2 /* Session */,
				31501B23215B127D003D29B7 /* Settings */,
				31501B22215B121B003D29B7 /* Resources */,
				31501B21215B11B3003D29B7 /* Storyboards */,
				310882462162F7B500226940 /* Utilities */,
				316B74002162B817005077C0 /* String+Extensions.swift */,
				31D8953021599A3D003C4DB1 /* UnderlinedLabel.swift */,
				315D7F3D214DEA15009149B9 /* UIImage+PixelColor.swift */,
				31A0FA102149C55600F96845 /* UIViewController+Extensions.swift */,
				31602FC42140087E0023F8A2 /* Assets.xcassets */,
			);
			path = FacePicker;
			sourceTree = "<group>";
		};
		31602FD12140087E0023F8A2 /* FacePickerTests */ = {
			isa = PBXGroup;
			children = (
				31602FD22140087E0023F8A2 /* FacePickerTests.swift */,
				31602FD42140087E0023F8A2 /* Info.plist */,
			);
			path = FacePickerTests;
			sourceTree = "<group>";
		};
		31602FDC2140087E0023F8A2 /* FacePickerUITests */ = {
			isa = PBXGroup;
			children = (
				31602FDD2140087E0023F8A2 /* FacePickerUITests.swift */,
				31602FDF2140087E0023F8A2 /* Info.plist */,
			);
			path = FacePickerUITests;
			sourceTree = "<group>";
		};
		31613DC8215536A900146DF4 /* View Controllers */ = {
			isa = PBXGroup;
			children = (
				31613DC92155375B00146DF4 /* LeftColumnController.swift */,
				31AC2462214ADB39003B6C5C /* SessionListController.swift */,
				31613DCB21553AD000146DF4 /* SessionDetailController.swift */,
				3175A10F214012F500E89C29 /* SessionController.swift */,
				31F78E23214698FB00418B6D /* SiteMenuController.swift */,
				3151361A215EDDED003E93DE /* ProductLabelCollectionViewController.swift */,
			);
			path = "View Controllers";
			sourceTree = "<group>";
		};
		31613DCF2155618400146DF4 /* Interfaces */ = {
			isa = PBXGroup;
			children = (
				3132293A215EBF6400088331 /* DetailedSessionCell.xib */,
				31FF70A02151543000D3BBC2 /* SimpleSessionCell.xib */,
				31D8952E215999E1003C4DB1 /* SessionDetailController.xib */,
				31D89529215978F4003C4DB1 /* SessionTotalsRow.xib */,
				31501B0C215AB892003D29B7 /* ProductLabelCell.xib */,
				3151361D215F0997003E93DE /* SessionCell.xib */,
			);
			path = Interfaces;
			sourceTree = "<group>";
		};
		31D8952B2159983C003C4DB1 /* Views */ = {
			isa = PBXGroup;
			children = (
				31613DC42155366300146DF4 /* ViewControllerWrapperCell.swift */,
				31322939215EBF6400088331 /* DetailedSessionCell.swift */,
				31A0FA26214A179D00F96845 /* SimpleSessionCell.swift */,
				31D8952C2159985A003C4DB1 /* SessionTotalsRow.swift */,
				31501B0B215AB892003D29B7 /* ProductLabelCell.swift */,
				3151361C215F0997003E93DE /* SessionCell.swift */,
			);
			path = Views;
			sourceTree = "<group>";
		};
		31F78E51214807CE00418B6D /* Model */ = {
			isa = PBXGroup;
			children = (
				31501B0F215ACA5F003D29B7 /* ProductLabel+CoreDataClass.swift */,
				31501B10215ACA5F003D29B7 /* ProductLabel+CoreDataProperties.swift */,
				31A0FA182149EDFC00F96845 /* Client+CoreDataClass.swift */,
				315D7F36214D9242009149B9 /* Client+CoreDataProperties.swift */,
				31F78E432147402E00418B6D /* InjectionSite+CoreDataClass.swift */,
				315D7F2C214C25DD009149B9 /* InjectionSite+CoreDataProperties.swift */,
				31A0FA162149EDFC00F96845 /* Session+CoreDataClass.swift */,
				31A0FA172149EDFC00F96845 /* Session+CoreDataProperties.swift */,
				31602FC12140087C0023F8A2 /* FacePicker.xcdatamodeld */,
			);
			path = Model;
			sourceTree = "<group>";
		};
		31FF70B02151817F00D3BBC2 /* Client */ = {
			isa = PBXGroup;
			children = (
				31501B1B215B0D98003D29B7 /* Views */,
				31501B1C215B0DAD003D29B7 /* Interfaces */,
				31501B1D215B0DBA003D29B7 /* ViewControllers */,
			);
			path = Client;
			sourceTree = "<group>";
		};
		31FF70B1215181A700D3BBC2 /* Session */ = {
			isa = PBXGroup;
			children = (
				31D8952B2159983C003C4DB1 /* Views */,
				31613DCF2155618400146DF4 /* Interfaces */,
				31613DC8215536A900146DF4 /* View Controllers */,
				31AC2466214B3A55003B6C5C /* SessionHelper.swift */,
			);
			path = Session;
			sourceTree = "<group>";
		};
		51A64F4CC9C07E8232D26A2B /* Pods */ = {
			isa = PBXGroup;
			children = (
				56F67C2EC20778903D336F55 /* Pods-FacePicker.debug.xcconfig */,
				ABFBB605E0E86D9BEB0BA46D /* Pods-FacePicker.release.xcconfig */,
				46F7710CCB5A809D43694713 /* Pods-FacePickerTests.debug.xcconfig */,
				64D44CA48AA854AD2676A5D4 /* Pods-FacePickerTests.release.xcconfig */,
				412060C673C53F5C40AC5D17 /* Pods-FacePickerUITests.debug.xcconfig */,
				C796EE6929727717E8260554 /* Pods-FacePickerUITests.release.xcconfig */,
			);
			name = Pods;
			sourceTree = "<group>";
		};
/* End PBXGroup section */

/* Begin PBXNativeTarget section */
		31602FB62140087C0023F8A2 /* FacePicker */ = {
			isa = PBXNativeTarget;
			buildConfigurationList = 31602FE22140087E0023F8A2 /* Build configuration list for PBXNativeTarget "FacePicker" */;
			buildPhases = (
				003AC3F5D94A8738EBCD3224 /* [CP] Check Pods Manifest.lock */,
				31602FB32140087C0023F8A2 /* Sources */,
				31602FB42140087C0023F8A2 /* Frameworks */,
				31602FB52140087C0023F8A2 /* Resources */,
				C1A52175C20768C6C289AA0E /* [CP] Embed Pods Frameworks */,
			);
			buildRules = (
			);
			dependencies = (
			);
			name = FacePicker;
			productName = FacePicker;
			productReference = 31602FB72140087C0023F8A2 /* Ostapowicz, MD.app */;
			productType = "com.apple.product-type.application";
		};
		31602FCD2140087E0023F8A2 /* FacePickerTests */ = {
			isa = PBXNativeTarget;
			buildConfigurationList = 31602FE52140087E0023F8A2 /* Build configuration list for PBXNativeTarget "FacePickerTests" */;
			buildPhases = (
				77D414058F1768A567500119 /* [CP] Check Pods Manifest.lock */,
				31602FCA2140087E0023F8A2 /* Sources */,
				31602FCB2140087E0023F8A2 /* Frameworks */,
				31602FCC2140087E0023F8A2 /* Resources */,
			);
			buildRules = (
			);
			dependencies = (
				31602FD02140087E0023F8A2 /* PBXTargetDependency */,
			);
			name = FacePickerTests;
			productName = FacePickerTests;
			productReference = 31602FCE2140087E0023F8A2 /* FacePickerTests.xctest */;
			productType = "com.apple.product-type.bundle.unit-test";
		};
		31602FD82140087E0023F8A2 /* FacePickerUITests */ = {
			isa = PBXNativeTarget;
			buildConfigurationList = 31602FE82140087E0023F8A2 /* Build configuration list for PBXNativeTarget "FacePickerUITests" */;
			buildPhases = (
				56AF0661392DA91C08D73FE2 /* [CP] Check Pods Manifest.lock */,
				31602FD52140087E0023F8A2 /* Sources */,
				31602FD62140087E0023F8A2 /* Frameworks */,
				31602FD72140087E0023F8A2 /* Resources */,
			);
			buildRules = (
			);
			dependencies = (
				31602FDB2140087E0023F8A2 /* PBXTargetDependency */,
			);
			name = FacePickerUITests;
			productName = FacePickerUITests;
			productReference = 31602FD92140087E0023F8A2 /* FacePickerUITests.xctest */;
			productType = "com.apple.product-type.bundle.ui-testing";
		};
/* End PBXNativeTarget section */

/* Begin PBXProject section */
		31602FAF2140087C0023F8A2 /* Project object */ = {
			isa = PBXProject;
			attributes = {
				LastSwiftUpdateCheck = 0940;
				LastUpgradeCheck = 0940;
				ORGANIZATIONNAME = matthew;
				TargetAttributes = {
					31602FB62140087C0023F8A2 = {
						CreatedOnToolsVersion = 9.4.1;
					};
					31602FCD2140087E0023F8A2 = {
						CreatedOnToolsVersion = 9.4.1;
						TestTargetID = 31602FB62140087C0023F8A2;
					};
					31602FD82140087E0023F8A2 = {
						CreatedOnToolsVersion = 9.4.1;
						TestTargetID = 31602FB62140087C0023F8A2;
					};
				};
			};
			buildConfigurationList = 31602FB22140087C0023F8A2 /* Build configuration list for PBXProject "FacePicker" */;
			compatibilityVersion = "Xcode 9.3";
			developmentRegion = en;
			hasScannedForEncodings = 0;
			knownRegions = (
				en,
				Base,
			);
			mainGroup = 31602FAE2140087C0023F8A2;
			productRefGroup = 31602FB82140087C0023F8A2 /* Products */;
			projectDirPath = "";
			projectRoot = "";
			targets = (
				31602FB62140087C0023F8A2 /* FacePicker */,
				31602FCD2140087E0023F8A2 /* FacePickerTests */,
				31602FD82140087E0023F8A2 /* FacePickerUITests */,
			);
		};
/* End PBXProject section */

/* Begin PBXResourcesBuildPhase section */
		31602FB52140087C0023F8A2 /* Resources */ = {
			isa = PBXResourcesBuildPhase;
			buildActionMask = 2147483647;
			files = (
				3132293C215EBF6400088331 /* DetailedSessionCell.xib in Resources */,
				31D8952A215978F4003C4DB1 /* SessionTotalsRow.xib in Resources */,
				31D8952F215999E1003C4DB1 /* SessionDetailController.xib in Resources */,
				31501B27215B12D0003D29B7 /* SettingsViewController.xib in Resources */,
				31AC2461214ACE4B003B6C5C /* ClientController.xib in Resources */,
				315D7F3C214DBA01009149B9 /* ClientConsentController.xib in Resources */,
				3151361F215F0997003E93DE /* SessionCell.xib in Resources */,
				31501B0E215AB892003D29B7 /* ProductLabelCell.xib in Resources */,
				31602FC82140087E0023F8A2 /* LaunchScreen.storyboard in Resources */,
				31FF70A12151543000D3BBC2 /* SimpleSessionCell.xib in Resources */,
				31602FC52140087E0023F8A2 /* Assets.xcassets in Resources */,
				316B74052162B909005077C0 /* MergeClientController.xib in Resources */,
				31602FC02140087C0023F8A2 /* Main.storyboard in Resources */,
				315D7F34214C5510009149B9 /* ClientViewController.xib in Resources */,
			);
			runOnlyForDeploymentPostprocessing = 0;
		};
		31602FCC2140087E0023F8A2 /* Resources */ = {
			isa = PBXResourcesBuildPhase;
			buildActionMask = 2147483647;
			files = (
			);
			runOnlyForDeploymentPostprocessing = 0;
		};
		31602FD72140087E0023F8A2 /* Resources */ = {
			isa = PBXResourcesBuildPhase;
			buildActionMask = 2147483647;
			files = (
			);
			runOnlyForDeploymentPostprocessing = 0;
		};
/* End PBXResourcesBuildPhase section */

/* Begin PBXShellScriptBuildPhase section */
		003AC3F5D94A8738EBCD3224 /* [CP] Check Pods Manifest.lock */ = {
			isa = PBXShellScriptBuildPhase;
			buildActionMask = 2147483647;
			files = (
			);
			inputPaths = (
				"${PODS_PODFILE_DIR_PATH}/Podfile.lock",
				"${PODS_ROOT}/Manifest.lock",
			);
			name = "[CP] Check Pods Manifest.lock";
			outputPaths = (
				"$(DERIVED_FILE_DIR)/Pods-FacePicker-checkManifestLockResult.txt",
			);
			runOnlyForDeploymentPostprocessing = 0;
			shellPath = /bin/sh;
			shellScript = "diff \"${PODS_PODFILE_DIR_PATH}/Podfile.lock\" \"${PODS_ROOT}/Manifest.lock\" > /dev/null\nif [ $? != 0 ] ; then\n    # print error to STDERR\n    echo \"error: The sandbox is not in sync with the Podfile.lock. Run 'pod install' or update your CocoaPods installation.\" >&2\n    exit 1\nfi\n# This output is used by Xcode 'outputs' to avoid re-running this script phase.\necho \"SUCCESS\" > \"${SCRIPT_OUTPUT_FILE_0}\"\n";
			showEnvVarsInLog = 0;
		};
		56AF0661392DA91C08D73FE2 /* [CP] Check Pods Manifest.lock */ = {
			isa = PBXShellScriptBuildPhase;
			buildActionMask = 2147483647;
			files = (
			);
			inputPaths = (
				"${PODS_PODFILE_DIR_PATH}/Podfile.lock",
				"${PODS_ROOT}/Manifest.lock",
			);
			name = "[CP] Check Pods Manifest.lock";
			outputPaths = (
				"$(DERIVED_FILE_DIR)/Pods-FacePickerUITests-checkManifestLockResult.txt",
			);
			runOnlyForDeploymentPostprocessing = 0;
			shellPath = /bin/sh;
			shellScript = "diff \"${PODS_PODFILE_DIR_PATH}/Podfile.lock\" \"${PODS_ROOT}/Manifest.lock\" > /dev/null\nif [ $? != 0 ] ; then\n    # print error to STDERR\n    echo \"error: The sandbox is not in sync with the Podfile.lock. Run 'pod install' or update your CocoaPods installation.\" >&2\n    exit 1\nfi\n# This output is used by Xcode 'outputs' to avoid re-running this script phase.\necho \"SUCCESS\" > \"${SCRIPT_OUTPUT_FILE_0}\"\n";
			showEnvVarsInLog = 0;
		};
		77D414058F1768A567500119 /* [CP] Check Pods Manifest.lock */ = {
			isa = PBXShellScriptBuildPhase;
			buildActionMask = 2147483647;
			files = (
			);
			inputPaths = (
				"${PODS_PODFILE_DIR_PATH}/Podfile.lock",
				"${PODS_ROOT}/Manifest.lock",
			);
			name = "[CP] Check Pods Manifest.lock";
			outputPaths = (
				"$(DERIVED_FILE_DIR)/Pods-FacePickerTests-checkManifestLockResult.txt",
			);
			runOnlyForDeploymentPostprocessing = 0;
			shellPath = /bin/sh;
			shellScript = "diff \"${PODS_PODFILE_DIR_PATH}/Podfile.lock\" \"${PODS_ROOT}/Manifest.lock\" > /dev/null\nif [ $? != 0 ] ; then\n    # print error to STDERR\n    echo \"error: The sandbox is not in sync with the Podfile.lock. Run 'pod install' or update your CocoaPods installation.\" >&2\n    exit 1\nfi\n# This output is used by Xcode 'outputs' to avoid re-running this script phase.\necho \"SUCCESS\" > \"${SCRIPT_OUTPUT_FILE_0}\"\n";
			showEnvVarsInLog = 0;
		};
		C1A52175C20768C6C289AA0E /* [CP] Embed Pods Frameworks */ = {
			isa = PBXShellScriptBuildPhase;
			buildActionMask = 2147483647;
			files = (
			);
			inputPaths = (
				"${SRCROOT}/Pods/Target Support Files/Pods-FacePicker/Pods-FacePicker-frameworks.sh",
				"${BUILT_PRODUCTS_DIR}/ContextMenu/ContextMenu.framework",
				"${BUILT_PRODUCTS_DIR}/CropViewController/CropViewController.framework",
				"${BUILT_PRODUCTS_DIR}/DropDown/DropDown.framework",
				"${BUILT_PRODUCTS_DIR}/SwiftSignatureView/SwiftSignatureView.framework",
			);
			name = "[CP] Embed Pods Frameworks";
			outputPaths = (
				"${TARGET_BUILD_DIR}/${FRAMEWORKS_FOLDER_PATH}/ContextMenu.framework",
				"${TARGET_BUILD_DIR}/${FRAMEWORKS_FOLDER_PATH}/CropViewController.framework",
				"${TARGET_BUILD_DIR}/${FRAMEWORKS_FOLDER_PATH}/DropDown.framework",
				"${TARGET_BUILD_DIR}/${FRAMEWORKS_FOLDER_PATH}/SwiftSignatureView.framework",
			);
			runOnlyForDeploymentPostprocessing = 0;
			shellPath = /bin/sh;
			shellScript = "\"${SRCROOT}/Pods/Target Support Files/Pods-FacePicker/Pods-FacePicker-frameworks.sh\"\n";
			showEnvVarsInLog = 0;
		};
/* End PBXShellScriptBuildPhase section */

/* Begin PBXSourcesBuildPhase section */
		31602FB32140087C0023F8A2 /* Sources */ = {
			isa = PBXSourcesBuildPhase;
			buildActionMask = 2147483647;
			files = (
				31D7E562215C56200064CE80 /* Application.swift in Sources */,
				31025783215D913D00AD82BC /* USStates.swift in Sources */,
				3151361E215F0997003E93DE /* SessionCell.swift in Sources */,
				31D8952D2159985A003C4DB1 /* SessionTotalsRow.swift in Sources */,
				316B74042162B909005077C0 /* MergeClientController.swift in Sources */,
				31F78E452147402E00418B6D /* InjectionSite+CoreDataClass.swift in Sources */,
				31A0FA1F2149F85A00F96845 /* ClientListController.swift in Sources */,
				31501B1F215B0E2A003D29B7 /* Application+Settings.swift in Sources */,
				315D7F2E214C25DD009149B9 /* InjectionSite+CoreDataProperties.swift in Sources */,
				31F78E25214698FB00418B6D /* SiteMenuController.swift in Sources */,
				310882482162F7D100226940 /* ClientMerger.swift in Sources */,
				31501B12215ACA5F003D29B7 /* ProductLabel+CoreDataProperties.swift in Sources */,
				3175A110214012F500E89C29 /* SessionController.swift in Sources */,
				31AC2467214B3A55003B6C5C /* SessionHelper.swift in Sources */,
				31602FC32140087C0023F8A2 /* FacePicker.xcdatamodeld in Sources */,
				315D7F31214C4096009149B9 /* ClientViewController.swift in Sources */,
				31A0FA112149C55600F96845 /* UIViewController+Extensions.swift in Sources */,
				31A0FA212149FBC700F96845 /* ClientTableViewCell.swift in Sources */,
				31AC2463214ADB39003B6C5C /* SessionListController.swift in Sources */,
				310882502163DED400226940 /* ClientContext.swift in Sources */,
				3108824E2163DEC900226940 /* ClientDifference.swift in Sources */,
				310882522163DEEB00226940 /* FullName.swift in Sources */,
				31A0FA23214A033300F96845 /* SignatureViewController.swift in Sources */,
				31613DC52155366300146DF4 /* ViewControllerWrapperCell.swift in Sources */,
				31AC2469214B62AE003B6C5C /* ViewHelper.swift in Sources */,
				316B74012162B817005077C0 /* String+Extensions.swift in Sources */,
				315D7F3E214DEA15009149B9 /* UIImage+PixelColor.swift in Sources */,
				31501B11215ACA5F003D29B7 /* ProductLabel+CoreDataClass.swift in Sources */,
				31602FBD2140087C0023F8A2 /* ClientController.swift in Sources */,
				31501B0D215AB892003D29B7 /* ProductLabelCell.swift in Sources */,
				31A0FA1C2149EDFC00F96845 /* Client+CoreDataClass.swift in Sources */,
				31613DCD21553AD000146DF4 /* SessionDetailController.swift in Sources */,
				31501B26215B12D0003D29B7 /* SettingsViewController.swift in Sources */,
				3108824A2162F7E800226940 /* ClientCSVManager.swift in Sources */,
				315D7F3B214DBA01009149B9 /* ClientConsentController.swift in Sources */,
				31A0FA1A2149EDFC00F96845 /* Session+CoreDataClass.swift in Sources */,
				31A0FA27214A179D00F96845 /* SimpleSessionCell.swift in Sources */,
				3151361B215EDDED003E93DE /* ProductLabelCollectionViewController.swift in Sources */,
				315D7F38214D9242009149B9 /* Client+CoreDataProperties.swift in Sources */,
				31A0FA25214A09EB00F96845 /* ClientDetailController.swift in Sources */,
				31D8953121599A3D003C4DB1 /* UnderlinedLabel.swift in Sources */,
				31602FBB2140087C0023F8A2 /* AppDelegate.swift in Sources */,
				31FF70B321518D1900D3BBC2 /* Notification+Names.swift in Sources */,
				3129B8E52164157000CCB39A /* MergedPair.swift in Sources */,
				3132293B215EBF6400088331 /* DetailedSessionCell.swift in Sources */,
				31A0FA1B2149EDFC00F96845 /* Session+CoreDataProperties.swift in Sources */,
				31613DCA2155375B00146DF4 /* LeftColumnController.swift in Sources */,
			);
			runOnlyForDeploymentPostprocessing = 0;
		};
		31602FCA2140087E0023F8A2 /* Sources */ = {
			isa = PBXSourcesBuildPhase;
			buildActionMask = 2147483647;
			files = (
				31602FD32140087E0023F8A2 /* FacePickerTests.swift in Sources */,
			);
			runOnlyForDeploymentPostprocessing = 0;
		};
		31602FD52140087E0023F8A2 /* Sources */ = {
			isa = PBXSourcesBuildPhase;
			buildActionMask = 2147483647;
			files = (
				31602FDE2140087E0023F8A2 /* FacePickerUITests.swift in Sources */,
			);
			runOnlyForDeploymentPostprocessing = 0;
		};
/* End PBXSourcesBuildPhase section */

/* Begin PBXTargetDependency section */
		31602FD02140087E0023F8A2 /* PBXTargetDependency */ = {
			isa = PBXTargetDependency;
			target = 31602FB62140087C0023F8A2 /* FacePicker */;
			targetProxy = 31602FCF2140087E0023F8A2 /* PBXContainerItemProxy */;
		};
		31602FDB2140087E0023F8A2 /* PBXTargetDependency */ = {
			isa = PBXTargetDependency;
			target = 31602FB62140087C0023F8A2 /* FacePicker */;
			targetProxy = 31602FDA2140087E0023F8A2 /* PBXContainerItemProxy */;
		};
/* End PBXTargetDependency section */

/* Begin PBXVariantGroup section */
		31602FBE2140087C0023F8A2 /* Main.storyboard */ = {
			isa = PBXVariantGroup;
			children = (
				31602FBF2140087C0023F8A2 /* Base */,
			);
			name = Main.storyboard;
			sourceTree = "<group>";
		};
		31602FC62140087E0023F8A2 /* LaunchScreen.storyboard */ = {
			isa = PBXVariantGroup;
			children = (
				31602FC72140087E0023F8A2 /* Base */,
			);
			name = LaunchScreen.storyboard;
			sourceTree = "<group>";
		};
/* End PBXVariantGroup section */

/* Begin XCBuildConfiguration section */
		31602FE02140087E0023F8A2 /* Debug */ = {
			isa = XCBuildConfiguration;
			buildSettings = {
				ALWAYS_SEARCH_USER_PATHS = NO;
				CLANG_ANALYZER_NONNULL = YES;
				CLANG_ANALYZER_NUMBER_OBJECT_CONVERSION = YES_AGGRESSIVE;
				CLANG_CXX_LANGUAGE_STANDARD = "gnu++14";
				CLANG_CXX_LIBRARY = "libc++";
				CLANG_ENABLE_MODULES = YES;
				CLANG_ENABLE_OBJC_ARC = YES;
				CLANG_ENABLE_OBJC_WEAK = YES;
				CLANG_WARN_BLOCK_CAPTURE_AUTORELEASING = YES;
				CLANG_WARN_BOOL_CONVERSION = YES;
				CLANG_WARN_COMMA = YES;
				CLANG_WARN_CONSTANT_CONVERSION = YES;
				CLANG_WARN_DEPRECATED_OBJC_IMPLEMENTATIONS = YES;
				CLANG_WARN_DIRECT_OBJC_ISA_USAGE = YES_ERROR;
				CLANG_WARN_DOCUMENTATION_COMMENTS = YES;
				CLANG_WARN_EMPTY_BODY = YES;
				CLANG_WARN_ENUM_CONVERSION = YES;
				CLANG_WARN_INFINITE_RECURSION = YES;
				CLANG_WARN_INT_CONVERSION = YES;
				CLANG_WARN_NON_LITERAL_NULL_CONVERSION = YES;
				CLANG_WARN_OBJC_IMPLICIT_RETAIN_SELF = YES;
				CLANG_WARN_OBJC_LITERAL_CONVERSION = YES;
				CLANG_WARN_OBJC_ROOT_CLASS = YES_ERROR;
				CLANG_WARN_RANGE_LOOP_ANALYSIS = YES;
				CLANG_WARN_STRICT_PROTOTYPES = YES;
				CLANG_WARN_SUSPICIOUS_MOVE = YES;
				CLANG_WARN_UNGUARDED_AVAILABILITY = YES_AGGRESSIVE;
				CLANG_WARN_UNREACHABLE_CODE = YES;
				CLANG_WARN__DUPLICATE_METHOD_MATCH = YES;
				CODE_SIGN_IDENTITY = "iPhone Developer";
				COPY_PHASE_STRIP = NO;
				DEBUG_INFORMATION_FORMAT = dwarf;
				ENABLE_STRICT_OBJC_MSGSEND = YES;
				ENABLE_TESTABILITY = YES;
				GCC_C_LANGUAGE_STANDARD = gnu11;
				GCC_DYNAMIC_NO_PIC = NO;
				GCC_NO_COMMON_BLOCKS = YES;
				GCC_OPTIMIZATION_LEVEL = 0;
				GCC_PREPROCESSOR_DEFINITIONS = (
					"DEBUG=1",
					"$(inherited)",
				);
				GCC_WARN_64_TO_32_BIT_CONVERSION = YES;
				GCC_WARN_ABOUT_RETURN_TYPE = YES_ERROR;
				GCC_WARN_UNDECLARED_SELECTOR = YES;
				GCC_WARN_UNINITIALIZED_AUTOS = YES_AGGRESSIVE;
				GCC_WARN_UNUSED_FUNCTION = YES;
				GCC_WARN_UNUSED_VARIABLE = YES;
				IPHONEOS_DEPLOYMENT_TARGET = 11.4;
				MTL_ENABLE_DEBUG_INFO = YES;
				ONLY_ACTIVE_ARCH = YES;
				SDKROOT = iphoneos;
				SWIFT_ACTIVE_COMPILATION_CONDITIONS = DEBUG;
				SWIFT_OPTIMIZATION_LEVEL = "-Onone";
			};
			name = Debug;
		};
		31602FE12140087E0023F8A2 /* Release */ = {
			isa = XCBuildConfiguration;
			buildSettings = {
				ALWAYS_SEARCH_USER_PATHS = NO;
				CLANG_ANALYZER_NONNULL = YES;
				CLANG_ANALYZER_NUMBER_OBJECT_CONVERSION = YES_AGGRESSIVE;
				CLANG_CXX_LANGUAGE_STANDARD = "gnu++14";
				CLANG_CXX_LIBRARY = "libc++";
				CLANG_ENABLE_MODULES = YES;
				CLANG_ENABLE_OBJC_ARC = YES;
				CLANG_ENABLE_OBJC_WEAK = YES;
				CLANG_WARN_BLOCK_CAPTURE_AUTORELEASING = YES;
				CLANG_WARN_BOOL_CONVERSION = YES;
				CLANG_WARN_COMMA = YES;
				CLANG_WARN_CONSTANT_CONVERSION = YES;
				CLANG_WARN_DEPRECATED_OBJC_IMPLEMENTATIONS = YES;
				CLANG_WARN_DIRECT_OBJC_ISA_USAGE = YES_ERROR;
				CLANG_WARN_DOCUMENTATION_COMMENTS = YES;
				CLANG_WARN_EMPTY_BODY = YES;
				CLANG_WARN_ENUM_CONVERSION = YES;
				CLANG_WARN_INFINITE_RECURSION = YES;
				CLANG_WARN_INT_CONVERSION = YES;
				CLANG_WARN_NON_LITERAL_NULL_CONVERSION = YES;
				CLANG_WARN_OBJC_IMPLICIT_RETAIN_SELF = YES;
				CLANG_WARN_OBJC_LITERAL_CONVERSION = YES;
				CLANG_WARN_OBJC_ROOT_CLASS = YES_ERROR;
				CLANG_WARN_RANGE_LOOP_ANALYSIS = YES;
				CLANG_WARN_STRICT_PROTOTYPES = YES;
				CLANG_WARN_SUSPICIOUS_MOVE = YES;
				CLANG_WARN_UNGUARDED_AVAILABILITY = YES_AGGRESSIVE;
				CLANG_WARN_UNREACHABLE_CODE = YES;
				CLANG_WARN__DUPLICATE_METHOD_MATCH = YES;
				CODE_SIGN_IDENTITY = "iPhone Developer";
				COPY_PHASE_STRIP = NO;
				DEBUG_INFORMATION_FORMAT = "dwarf-with-dsym";
				ENABLE_NS_ASSERTIONS = NO;
				ENABLE_STRICT_OBJC_MSGSEND = YES;
				GCC_C_LANGUAGE_STANDARD = gnu11;
				GCC_NO_COMMON_BLOCKS = YES;
				GCC_WARN_64_TO_32_BIT_CONVERSION = YES;
				GCC_WARN_ABOUT_RETURN_TYPE = YES_ERROR;
				GCC_WARN_UNDECLARED_SELECTOR = YES;
				GCC_WARN_UNINITIALIZED_AUTOS = YES_AGGRESSIVE;
				GCC_WARN_UNUSED_FUNCTION = YES;
				GCC_WARN_UNUSED_VARIABLE = YES;
				IPHONEOS_DEPLOYMENT_TARGET = 11.4;
				MTL_ENABLE_DEBUG_INFO = NO;
				SDKROOT = iphoneos;
				SWIFT_COMPILATION_MODE = wholemodule;
				SWIFT_OPTIMIZATION_LEVEL = "-O";
				VALIDATE_PRODUCT = YES;
			};
			name = Release;
		};
		31602FE32140087E0023F8A2 /* Debug */ = {
			isa = XCBuildConfiguration;
			baseConfigurationReference = 56F67C2EC20778903D336F55 /* Pods-FacePicker.debug.xcconfig */;
			buildSettings = {
				ASSETCATALOG_COMPILER_APPICON_NAME = AppIcon;
				CODE_SIGN_STYLE = Automatic;
				DEBUG_INFORMATION_FORMAT = "dwarf-with-dsym";
				DEVELOPMENT_TEAM = 3QR92DHDGW;
				INFOPLIST_FILE = "$(SRCROOT)/FacePicker/Resources/Info.plist";
				IPHONEOS_DEPLOYMENT_TARGET = 12.0;
				LD_RUNPATH_SEARCH_PATHS = (
					"$(inherited)",
					"@executable_path/Frameworks",
				);
				PRODUCT_BUNDLE_IDENTIFIER = com.pizFunk.FacePicker;
				PRODUCT_NAME = "Ostapowicz, MD";
				SWIFT_VERSION = 4.0;
				TARGETED_DEVICE_FAMILY = "1,2";
			};
			name = Debug;
		};
		31602FE42140087E0023F8A2 /* Release */ = {
			isa = XCBuildConfiguration;
			baseConfigurationReference = ABFBB605E0E86D9BEB0BA46D /* Pods-FacePicker.release.xcconfig */;
			buildSettings = {
				ASSETCATALOG_COMPILER_APPICON_NAME = AppIcon;
				CODE_SIGN_STYLE = Automatic;
				DEVELOPMENT_TEAM = 3QR92DHDGW;
				INFOPLIST_FILE = "$(SRCROOT)/FacePicker/Resources/Info.plist";
				IPHONEOS_DEPLOYMENT_TARGET = 12.0;
				LD_RUNPATH_SEARCH_PATHS = (
					"$(inherited)",
					"@executable_path/Frameworks",
				);
				PRODUCT_BUNDLE_IDENTIFIER = com.pizFunk.FacePicker;
				PRODUCT_NAME = "Ostapowicz, MD";
				SWIFT_VERSION = 4.0;
				TARGETED_DEVICE_FAMILY = "1,2";
			};
			name = Release;
		};
		31602FE62140087E0023F8A2 /* Debug */ = {
			isa = XCBuildConfiguration;
			baseConfigurationReference = 46F7710CCB5A809D43694713 /* Pods-FacePickerTests.debug.xcconfig */;
			buildSettings = {
				ALWAYS_EMBED_SWIFT_STANDARD_LIBRARIES = YES;
				BUNDLE_LOADER = "$(TEST_HOST)";
				CODE_SIGN_STYLE = Automatic;
				DEVELOPMENT_TEAM = 3QR92DHDGW;
				INFOPLIST_FILE = FacePickerTests/Info.plist;
				LD_RUNPATH_SEARCH_PATHS = (
					"$(inherited)",
					"@executable_path/Frameworks",
					"@loader_path/Frameworks",
				);
				PRODUCT_BUNDLE_IDENTIFIER = com.pizFunk.FacePickerTests;
				PRODUCT_NAME = "$(TARGET_NAME)";
				SWIFT_VERSION = 4.0;
				TARGETED_DEVICE_FAMILY = "1,2";
				TEST_HOST = "$(BUILT_PRODUCTS_DIR)/FacePicker.app/FacePicker";
			};
			name = Debug;
		};
		31602FE72140087E0023F8A2 /* Release */ = {
			isa = XCBuildConfiguration;
			baseConfigurationReference = 64D44CA48AA854AD2676A5D4 /* Pods-FacePickerTests.release.xcconfig */;
			buildSettings = {
				ALWAYS_EMBED_SWIFT_STANDARD_LIBRARIES = YES;
				BUNDLE_LOADER = "$(TEST_HOST)";
				CODE_SIGN_STYLE = Automatic;
				DEVELOPMENT_TEAM = 3QR92DHDGW;
				INFOPLIST_FILE = FacePickerTests/Info.plist;
				LD_RUNPATH_SEARCH_PATHS = (
					"$(inherited)",
					"@executable_path/Frameworks",
					"@loader_path/Frameworks",
				);
				PRODUCT_BUNDLE_IDENTIFIER = com.pizFunk.FacePickerTests;
				PRODUCT_NAME = "$(TARGET_NAME)";
				SWIFT_VERSION = 4.0;
				TARGETED_DEVICE_FAMILY = "1,2";
				TEST_HOST = "$(BUILT_PRODUCTS_DIR)/FacePicker.app/FacePicker";
			};
			name = Release;
		};
		31602FE92140087E0023F8A2 /* Debug */ = {
			isa = XCBuildConfiguration;
			baseConfigurationReference = 412060C673C53F5C40AC5D17 /* Pods-FacePickerUITests.debug.xcconfig */;
			buildSettings = {
				ALWAYS_EMBED_SWIFT_STANDARD_LIBRARIES = YES;
				CODE_SIGN_STYLE = Automatic;
				DEVELOPMENT_TEAM = 3QR92DHDGW;
				INFOPLIST_FILE = FacePickerUITests/Info.plist;
				LD_RUNPATH_SEARCH_PATHS = (
					"$(inherited)",
					"@executable_path/Frameworks",
					"@loader_path/Frameworks",
				);
				PRODUCT_BUNDLE_IDENTIFIER = com.pizFunk.FacePickerUITests;
				PRODUCT_NAME = "$(TARGET_NAME)";
				SWIFT_VERSION = 4.0;
				TARGETED_DEVICE_FAMILY = "1,2";
				TEST_TARGET_NAME = FacePicker;
			};
			name = Debug;
		};
		31602FEA2140087E0023F8A2 /* Release */ = {
			isa = XCBuildConfiguration;
			baseConfigurationReference = C796EE6929727717E8260554 /* Pods-FacePickerUITests.release.xcconfig */;
			buildSettings = {
				ALWAYS_EMBED_SWIFT_STANDARD_LIBRARIES = YES;
				CODE_SIGN_STYLE = Automatic;
				DEVELOPMENT_TEAM = 3QR92DHDGW;
				INFOPLIST_FILE = FacePickerUITests/Info.plist;
				LD_RUNPATH_SEARCH_PATHS = (
					"$(inherited)",
					"@executable_path/Frameworks",
					"@loader_path/Frameworks",
				);
				PRODUCT_BUNDLE_IDENTIFIER = com.pizFunk.FacePickerUITests;
				PRODUCT_NAME = "$(TARGET_NAME)";
				SWIFT_VERSION = 4.0;
				TARGETED_DEVICE_FAMILY = "1,2";
				TEST_TARGET_NAME = FacePicker;
			};
			name = Release;
		};
/* End XCBuildConfiguration section */

/* Begin XCConfigurationList section */
		31602FB22140087C0023F8A2 /* Build configuration list for PBXProject "FacePicker" */ = {
			isa = XCConfigurationList;
			buildConfigurations = (
				31602FE02140087E0023F8A2 /* Debug */,
				31602FE12140087E0023F8A2 /* Release */,
			);
			defaultConfigurationIsVisible = 0;
			defaultConfigurationName = Release;
		};
		31602FE22140087E0023F8A2 /* Build configuration list for PBXNativeTarget "FacePicker" */ = {
			isa = XCConfigurationList;
			buildConfigurations = (
				31602FE32140087E0023F8A2 /* Debug */,
				31602FE42140087E0023F8A2 /* Release */,
			);
			defaultConfigurationIsVisible = 0;
			defaultConfigurationName = Release;
		};
		31602FE52140087E0023F8A2 /* Build configuration list for PBXNativeTarget "FacePickerTests" */ = {
			isa = XCConfigurationList;
			buildConfigurations = (
				31602FE62140087E0023F8A2 /* Debug */,
				31602FE72140087E0023F8A2 /* Release */,
			);
			defaultConfigurationIsVisible = 0;
			defaultConfigurationName = Release;
		};
		31602FE82140087E0023F8A2 /* Build configuration list for PBXNativeTarget "FacePickerUITests" */ = {
			isa = XCConfigurationList;
			buildConfigurations = (
				31602FE92140087E0023F8A2 /* Debug */,
				31602FEA2140087E0023F8A2 /* Release */,
			);
			defaultConfigurationIsVisible = 0;
			defaultConfigurationName = Release;
		};
/* End XCConfigurationList section */

/* Begin XCVersionGroup section */
		31602FC12140087C0023F8A2 /* FacePicker.xcdatamodeld */ = {
			isa = XCVersionGroup;
			children = (
				31602FC22140087C0023F8A2 /* FacePicker.xcdatamodel */,
			);
			currentVersion = 31602FC22140087C0023F8A2 /* FacePicker.xcdatamodel */;
			path = FacePicker.xcdatamodeld;
			sourceTree = "<group>";
			versionGroupType = wrapper.xcdatamodel;
		};
/* End XCVersionGroup section */
	};
	rootObject = 31602FAF2140087C0023F8A2 /* Project object */;
}
